// !$*UTF8*$!
{
	archiveVersion = 1;
	classes = {
	};
	objectVersion = 56;
	objects = {

/* Begin PBXBuildFile section */
		4B0F975E2C9231570053005B /* HomeService.swift in Sources */ = {isa = PBXBuildFile; fileRef = 4B0F975D2C9231570053005B /* HomeService.swift */; };
		4B0F97602C92317A0053005B /* GenericService.swift in Sources */ = {isa = PBXBuildFile; fileRef = 4B0F975F2C92317A0053005B /* GenericService.swift */; };
		4B0F97632C92345F0053005B /* Alert.swift in Sources */ = {isa = PBXBuildFile; fileRef = 4B0F97622C92345F0053005B /* Alert.swift */; };
		4B0F976B2C92367E0053005B /* MainTabBarController.swift in Sources */ = {isa = PBXBuildFile; fileRef = 4B0F97682C92367E0053005B /* MainTabBarController.swift */; };
		4B0F97722C9237000053005B /* HomeScreen.swift in Sources */ = {isa = PBXBuildFile; fileRef = 4B0F976E2C9237000053005B /* HomeScreen.swift */; };
		4B0F97732C9237000053005B /* HomeVC.swift in Sources */ = {isa = PBXBuildFile; fileRef = 4B0F97702C9237000053005B /* HomeVC.swift */; };
		4B0F97792C9238710053005B /* RegisterScreen.swift in Sources */ = {isa = PBXBuildFile; fileRef = 4B0F97742C9238710053005B /* RegisterScreen.swift */; };
		4B0F977A2C9238710053005B /* RegisterVC.swift in Sources */ = {isa = PBXBuildFile; fileRef = 4B0F97762C9238710053005B /* RegisterVC.swift */; };
		4B2F711F2C88C41D00F5F2E2 /* AppDelegate.swift in Sources */ = {isa = PBXBuildFile; fileRef = 4B2F711E2C88C41D00F5F2E2 /* AppDelegate.swift */; };
		4B2F71212C88C41D00F5F2E2 /* SceneDelegate.swift in Sources */ = {isa = PBXBuildFile; fileRef = 4B2F71202C88C41D00F5F2E2 /* SceneDelegate.swift */; };
		4B2F71282C88C41F00F5F2E2 /* Assets.xcassets in Resources */ = {isa = PBXBuildFile; fileRef = 4B2F71272C88C41F00F5F2E2 /* Assets.xcassets */; };
		4B2F712B2C88C41F00F5F2E2 /* Base in Resources */ = {isa = PBXBuildFile; fileRef = 4B2F712A2C88C41F00F5F2E2 /* Base */; };
		4B2F71352C88C7AE00F5F2E2 /* GoogleService-Info.plist in Resources */ = {isa = PBXBuildFile; fileRef = 4B2F71342C88C7AE00F5F2E2 /* GoogleService-Info.plist */; };
		4B2F71382C88C92500F5F2E2 /* FirebaseAnalytics in Frameworks */ = {isa = PBXBuildFile; productRef = 4B2F71372C88C92500F5F2E2 /* FirebaseAnalytics */; };
		4B2F713A2C88C92500F5F2E2 /* FirebaseAuth in Frameworks */ = {isa = PBXBuildFile; productRef = 4B2F71392C88C92500F5F2E2 /* FirebaseAuth */; };
		4B2F713C2C88C92500F5F2E2 /* FirebaseCrashlytics in Frameworks */ = {isa = PBXBuildFile; productRef = 4B2F713B2C88C92500F5F2E2 /* FirebaseCrashlytics */; };
		4B2F713E2C88C92500F5F2E2 /* FirebaseDatabase in Frameworks */ = {isa = PBXBuildFile; productRef = 4B2F713D2C88C92500F5F2E2 /* FirebaseDatabase */; };
		4B2F71402C88C92500F5F2E2 /* FirebaseFirestore in Frameworks */ = {isa = PBXBuildFile; productRef = 4B2F713F2C88C92500F5F2E2 /* FirebaseFirestore */; };
		4B2F71422C88C92500F5F2E2 /* FirebaseStorage in Frameworks */ = {isa = PBXBuildFile; productRef = 4B2F71412C88C92500F5F2E2 /* FirebaseStorage */; };
		4B2F71452C88F80700F5F2E2 /* AuthenticationView.swift in Sources */ = {isa = PBXBuildFile; fileRef = 4B2F71442C88F80700F5F2E2 /* AuthenticationView.swift */; };
		4B2F71472C88F82200F5F2E2 /* AuthenticationVC.swift in Sources */ = {isa = PBXBuildFile; fileRef = 4B2F71462C88F82200F5F2E2 /* AuthenticationVC.swift */; };
		4B2F71612C88FB9600F5F2E2 /* UIColor+Extension.swift in Sources */ = {isa = PBXBuildFile; fileRef = 4B2F71552C88FB9600F5F2E2 /* UIColor+Extension.swift */; };
		4B2F71622C88FB9600F5F2E2 /* UIFont+Extension.swift in Sources */ = {isa = PBXBuildFile; fileRef = 4B2F71562C88FB9600F5F2E2 /* UIFont+Extension.swift */; };
		4B2F71642C88FB9600F5F2E2 /* UIViewController+Extension.swift in Sources */ = {isa = PBXBuildFile; fileRef = 4B2F71582C88FB9600F5F2E2 /* UIViewController+Extension.swift */; };
		4B2F71682C88FCE900F5F2E2 /* UIView + Extension.swift in Sources */ = {isa = PBXBuildFile; fileRef = 4B2F71672C88FCE900F5F2E2 /* UIView + Extension.swift */; };
		4B2F716B2C89029800F5F2E2 /* SignInEmailVC.swift in Sources */ = {isa = PBXBuildFile; fileRef = 4B2F716A2C89029800F5F2E2 /* SignInEmailVC.swift */; };
		4B2F716D2C8902AB00F5F2E2 /* SignInEmailView.swift in Sources */ = {isa = PBXBuildFile; fileRef = 4B2F716C2C8902AB00F5F2E2 /* SignInEmailView.swift */; };
		4B2F716F2C8902C600F5F2E2 /* SignInEmailViewModel.swift in Sources */ = {isa = PBXBuildFile; fileRef = 4B2F716E2C8902C600F5F2E2 /* SignInEmailViewModel.swift */; };
/* End PBXBuildFile section */

/* Begin PBXFileReference section */
		4B0F975D2C9231570053005B /* HomeService.swift */ = {isa = PBXFileReference; fileEncoding = 4; lastKnownFileType = sourcecode.swift; path = HomeService.swift; sourceTree = "<group>"; };
		4B0F975F2C92317A0053005B /* GenericService.swift */ = {isa = PBXFileReference; fileEncoding = 4; lastKnownFileType = sourcecode.swift; path = GenericService.swift; sourceTree = "<group>"; };
		4B0F97622C92345F0053005B /* Alert.swift */ = {isa = PBXFileReference; fileEncoding = 4; lastKnownFileType = sourcecode.swift; path = Alert.swift; sourceTree = "<group>"; };
		4B0F97682C92367E0053005B /* MainTabBarController.swift */ = {isa = PBXFileReference; fileEncoding = 4; lastKnownFileType = sourcecode.swift; path = MainTabBarController.swift; sourceTree = "<group>"; };
		4B0F976E2C9237000053005B /* HomeScreen.swift */ = {isa = PBXFileReference; fileEncoding = 4; lastKnownFileType = sourcecode.swift; path = HomeScreen.swift; sourceTree = "<group>"; };
		4B0F97702C9237000053005B /* HomeVC.swift */ = {isa = PBXFileReference; fileEncoding = 4; lastKnownFileType = sourcecode.swift; path = HomeVC.swift; sourceTree = "<group>"; };
		4B0F97742C9238710053005B /* RegisterScreen.swift */ = {isa = PBXFileReference; fileEncoding = 4; lastKnownFileType = sourcecode.swift; path = RegisterScreen.swift; sourceTree = "<group>"; };
		4B0F97762C9238710053005B /* RegisterVC.swift */ = {isa = PBXFileReference; fileEncoding = 4; lastKnownFileType = sourcecode.swift; path = RegisterVC.swift; sourceTree = "<group>"; };
		4B2F711B2C88C41D00F5F2E2 /* Catalogo.app */ = {isa = PBXFileReference; explicitFileType = wrapper.application; includeInIndex = 0; path = Catalogo.app; sourceTree = BUILT_PRODUCTS_DIR; };
		4B2F711E2C88C41D00F5F2E2 /* AppDelegate.swift */ = {isa = PBXFileReference; lastKnownFileType = sourcecode.swift; path = AppDelegate.swift; sourceTree = "<group>"; };
		4B2F71202C88C41D00F5F2E2 /* SceneDelegate.swift */ = {isa = PBXFileReference; lastKnownFileType = sourcecode.swift; path = SceneDelegate.swift; sourceTree = "<group>"; };
		4B2F71272C88C41F00F5F2E2 /* Assets.xcassets */ = {isa = PBXFileReference; lastKnownFileType = folder.assetcatalog; path = Assets.xcassets; sourceTree = "<group>"; };
		4B2F712A2C88C41F00F5F2E2 /* Base */ = {isa = PBXFileReference; lastKnownFileType = file.storyboard; name = Base; path = Base.lproj/LaunchScreen.storyboard; sourceTree = "<group>"; };
		4B2F712C2C88C41F00F5F2E2 /* Info.plist */ = {isa = PBXFileReference; lastKnownFileType = text.plist.xml; path = Info.plist; sourceTree = "<group>"; };
		4B2F71342C88C7AE00F5F2E2 /* GoogleService-Info.plist */ = {isa = PBXFileReference; fileEncoding = 4; lastKnownFileType = text.plist.xml; path = "GoogleService-Info.plist"; sourceTree = "<group>"; };
		4B2F71442C88F80700F5F2E2 /* AuthenticationView.swift */ = {isa = PBXFileReference; lastKnownFileType = sourcecode.swift; path = AuthenticationView.swift; sourceTree = "<group>"; };
		4B2F71462C88F82200F5F2E2 /* AuthenticationVC.swift */ = {isa = PBXFileReference; lastKnownFileType = sourcecode.swift; path = AuthenticationVC.swift; sourceTree = "<group>"; };
		4B2F71552C88FB9600F5F2E2 /* UIColor+Extension.swift */ = {isa = PBXFileReference; fileEncoding = 4; lastKnownFileType = sourcecode.swift; path = "UIColor+Extension.swift"; sourceTree = "<group>"; };
		4B2F71562C88FB9600F5F2E2 /* UIFont+Extension.swift */ = {isa = PBXFileReference; fileEncoding = 4; lastKnownFileType = sourcecode.swift; path = "UIFont+Extension.swift"; sourceTree = "<group>"; };
		4B2F71582C88FB9600F5F2E2 /* UIViewController+Extension.swift */ = {isa = PBXFileReference; fileEncoding = 4; lastKnownFileType = sourcecode.swift; path = "UIViewController+Extension.swift"; sourceTree = "<group>"; };
		4B2F71672C88FCE900F5F2E2 /* UIView + Extension.swift */ = {isa = PBXFileReference; fileEncoding = 4; lastKnownFileType = sourcecode.swift; path = "UIView + Extension.swift"; sourceTree = "<group>"; };
		4B2F716A2C89029800F5F2E2 /* SignInEmailVC.swift */ = {isa = PBXFileReference; lastKnownFileType = sourcecode.swift; path = SignInEmailVC.swift; sourceTree = "<group>"; };
		4B2F716C2C8902AB00F5F2E2 /* SignInEmailView.swift */ = {isa = PBXFileReference; lastKnownFileType = sourcecode.swift; path = SignInEmailView.swift; sourceTree = "<group>"; };
		4B2F716E2C8902C600F5F2E2 /* SignInEmailViewModel.swift */ = {isa = PBXFileReference; lastKnownFileType = sourcecode.swift; path = SignInEmailViewModel.swift; sourceTree = "<group>"; };
/* End PBXFileReference section */

/* Begin PBXFrameworksBuildPhase section */
		4B2F71182C88C41D00F5F2E2 /* Frameworks */ = {
			isa = PBXFrameworksBuildPhase;
			buildActionMask = 2147483647;
			files = (
				4B2F713C2C88C92500F5F2E2 /* FirebaseCrashlytics in Frameworks */,
				4B2F71382C88C92500F5F2E2 /* FirebaseAnalytics in Frameworks */,
				4B2F713E2C88C92500F5F2E2 /* FirebaseDatabase in Frameworks */,
				4B2F71402C88C92500F5F2E2 /* FirebaseFirestore in Frameworks */,
				4B2F713A2C88C92500F5F2E2 /* FirebaseAuth in Frameworks */,
				4B2F71422C88C92500F5F2E2 /* FirebaseStorage in Frameworks */,
			);
			runOnlyForDeploymentPostprocessing = 0;
		};
/* End PBXFrameworksBuildPhase section */

/* Begin PBXGroup section */
		4B0F975C2C92313D0053005B /* Services */ = {
			isa = PBXGroup;
			children = (
				4B0F975F2C92317A0053005B /* GenericService.swift */,
				4B0F975D2C9231570053005B /* HomeService.swift */,
			);
			path = Services;
			sourceTree = "<group>";
		};
		4B0F97612C9234420053005B /* Alert */ = {
			isa = PBXGroup;
			children = (
				4B0F97622C92345F0053005B /* Alert.swift */,
			);
			path = Alert;
			sourceTree = "<group>";
		};
		4B0F97642C9234DD0053005B /* Resources */ = {
			isa = PBXGroup;
			children = (
				4B2F711E2C88C41D00F5F2E2 /* AppDelegate.swift */,
				4B2F71202C88C41D00F5F2E2 /* SceneDelegate.swift */,
			);
			path = Resources;
			sourceTree = "<group>";
		};
		4B0F97652C92354D0053005B /* Scenes */ = {
			isa = PBXGroup;
			children = (
				4B2F71432C88F7D400F5F2E2 /* Authentication */,
				4B0F97672C9236640053005B /* TabBar */,
				4B0F976D2C9236E90053005B /* Home */,
			);
			path = Scenes;
			sourceTree = "<group>";
		};
		4B0F97672C9236640053005B /* TabBar */ = {
			isa = PBXGroup;
			children = (
				4B0F976A2C92367E0053005B /* MainTabBar */,
			);
			path = TabBar;
			sourceTree = "<group>";
		};
		4B0F976A2C92367E0053005B /* MainTabBar */ = {
			isa = PBXGroup;
			children = (
				4B0F97682C92367E0053005B /* MainTabBarController.swift */,
			);
			path = MainTabBar;
			sourceTree = "<group>";
		};
		4B0F976D2C9236E90053005B /* Home */ = {
			isa = PBXGroup;
			children = (
				4B0F976F2C9237000053005B /* Screen */,
				4B0F97712C9237000053005B /* VC */,
			);
			path = Home;
			sourceTree = "<group>";
		};
		4B0F976F2C9237000053005B /* Screen */ = {
			isa = PBXGroup;
			children = (
				4B0F976E2C9237000053005B /* HomeScreen.swift */,
			);
			path = Screen;
			sourceTree = "<group>";
		};
		4B0F97712C9237000053005B /* VC */ = {
			isa = PBXGroup;
			children = (
				4B0F97702C9237000053005B /* HomeVC.swift */,
			);
			path = VC;
			sourceTree = "<group>";
		};
		4B0F97782C9238710053005B /* Register */ = {
			isa = PBXGroup;
			children = (
				4B0F97762C9238710053005B /* RegisterVC.swift */,
				4B0F97742C9238710053005B /* RegisterScreen.swift */,
			);
			path = Register;
			sourceTree = "<group>";
		};
		4B2F71122C88C41D00F5F2E2 = {
			isa = PBXGroup;
			children = (
				4B0F97642C9234DD0053005B /* Resources */,
				4B2F711D2C88C41D00F5F2E2 /* Catalogo */,
				4B2F711C2C88C41D00F5F2E2 /* Products */,
			);
			sourceTree = "<group>";
		};
		4B2F711C2C88C41D00F5F2E2 /* Products */ = {
			isa = PBXGroup;
			children = (
				4B2F711B2C88C41D00F5F2E2 /* Catalogo.app */,
			);
			name = Products;
			sourceTree = "<group>";
		};
		4B2F711D2C88C41D00F5F2E2 /* Catalogo */ = {
			isa = PBXGroup;
			children = (
				4B0F97612C9234420053005B /* Alert */,
				4B2F715E2C88FB9600F5F2E2 /* Utils */,
				4B0F975C2C92313D0053005B /* Services */,
				4B0F97652C92354D0053005B /* Scenes */,
				4B2F71272C88C41F00F5F2E2 /* Assets.xcassets */,
				4B2F71292C88C41F00F5F2E2 /* LaunchScreen.storyboard */,
				4B2F712C2C88C41F00F5F2E2 /* Info.plist */,
				4B2F71342C88C7AE00F5F2E2 /* GoogleService-Info.plist */,
			);
			path = Catalogo;
			sourceTree = "<group>";
		};
		4B2F71432C88F7D400F5F2E2 /* Authentication */ = {
			isa = PBXGroup;
			children = (
				4B2F71442C88F80700F5F2E2 /* AuthenticationView.swift */,
				4B2F71462C88F82200F5F2E2 /* AuthenticationVC.swift */,
				4B2F71692C89026500F5F2E2 /* signInWIthEmail */,
				4B0F97782C9238710053005B /* Register */,
			);
			path = Authentication;
			sourceTree = "<group>";
		};
		4B2F71592C88FB9600F5F2E2 /* Extension */ = {
			isa = PBXGroup;
			children = (
				4B2F71552C88FB9600F5F2E2 /* UIColor+Extension.swift */,
				4B2F71562C88FB9600F5F2E2 /* UIFont+Extension.swift */,
				4B2F71672C88FCE900F5F2E2 /* UIView + Extension.swift */,
				4B2F71582C88FB9600F5F2E2 /* UIViewController+Extension.swift */,
			);
			path = Extension;
			sourceTree = "<group>";
		};
		4B2F715E2C88FB9600F5F2E2 /* Utils */ = {
			isa = PBXGroup;
			children = (
				4B2F71592C88FB9600F5F2E2 /* Extension */,
			);
			name = Utils;
			path = "../../../Youtube/chatGPT/chatGPT-app-ViewCode/src/Utils";
			sourceTree = "<group>";
		};
		4B2F71692C89026500F5F2E2 /* signInWIthEmail */ = {
			isa = PBXGroup;
			children = (
				4B2F716E2C8902C600F5F2E2 /* SignInEmailViewModel.swift */,
				4B2F716A2C89029800F5F2E2 /* SignInEmailVC.swift */,
				4B2F716C2C8902AB00F5F2E2 /* SignInEmailView.swift */,
			);
			path = signInWIthEmail;
			sourceTree = "<group>";
		};
/* End PBXGroup section */

/* Begin PBXNativeTarget section */
		4B2F711A2C88C41D00F5F2E2 /* Catalogo */ = {
			isa = PBXNativeTarget;
			buildConfigurationList = 4B2F712F2C88C41F00F5F2E2 /* Build configuration list for PBXNativeTarget "Catalogo" */;
			buildPhases = (
				4B2F71172C88C41D00F5F2E2 /* Sources */,
				4B2F71182C88C41D00F5F2E2 /* Frameworks */,
				4B2F71192C88C41D00F5F2E2 /* Resources */,
			);
			buildRules = (
			);
			dependencies = (
			);
			name = Catalogo;
			packageProductDependencies = (
				4B2F71372C88C92500F5F2E2 /* FirebaseAnalytics */,
				4B2F71392C88C92500F5F2E2 /* FirebaseAuth */,
				4B2F713B2C88C92500F5F2E2 /* FirebaseCrashlytics */,
				4B2F713D2C88C92500F5F2E2 /* FirebaseDatabase */,
				4B2F713F2C88C92500F5F2E2 /* FirebaseFirestore */,
				4B2F71412C88C92500F5F2E2 /* FirebaseStorage */,
			);
			productName = Catalogo;
			productReference = 4B2F711B2C88C41D00F5F2E2 /* Catalogo.app */;
			productType = "com.apple.product-type.application";
		};
/* End PBXNativeTarget section */

/* Begin PBXProject section */
		4B2F71132C88C41D00F5F2E2 /* Project object */ = {
			isa = PBXProject;
			attributes = {
				BuildIndependentTargetsInParallel = 1;
				LastSwiftUpdateCheck = 1540;
				LastUpgradeCheck = 1540;
				TargetAttributes = {
					4B2F711A2C88C41D00F5F2E2 = {
						CreatedOnToolsVersion = 15.4;
					};
				};
			};
			buildConfigurationList = 4B2F71162C88C41D00F5F2E2 /* Build configuration list for PBXProject "Catalogo" */;
			compatibilityVersion = "Xcode 14.0";
			developmentRegion = en;
			hasScannedForEncodings = 0;
			knownRegions = (
				en,
				Base,
			);
			mainGroup = 4B2F71122C88C41D00F5F2E2;
			packageReferences = (
				4B2F71362C88C92500F5F2E2 /* XCRemoteSwiftPackageReference "firebase-ios-sdk" */,
			);
			productRefGroup = 4B2F711C2C88C41D00F5F2E2 /* Products */;
			projectDirPath = "";
			projectRoot = "";
			targets = (
				4B2F711A2C88C41D00F5F2E2 /* Catalogo */,
			);
		};
/* End PBXProject section */

/* Begin PBXResourcesBuildPhase section */
		4B2F71192C88C41D00F5F2E2 /* Resources */ = {
			isa = PBXResourcesBuildPhase;
			buildActionMask = 2147483647;
			files = (
				4B2F71282C88C41F00F5F2E2 /* Assets.xcassets in Resources */,
				4B2F712B2C88C41F00F5F2E2 /* Base in Resources */,
				4B2F71352C88C7AE00F5F2E2 /* GoogleService-Info.plist in Resources */,
			);
			runOnlyForDeploymentPostprocessing = 0;
		};
/* End PBXResourcesBuildPhase section */

/* Begin PBXSourcesBuildPhase section */
		4B2F71172C88C41D00F5F2E2 /* Sources */ = {
			isa = PBXSourcesBuildPhase;
			buildActionMask = 2147483647;
			files = (
				4B2F71642C88FB9600F5F2E2 /* UIViewController+Extension.swift in Sources */,
				4B2F711F2C88C41D00F5F2E2 /* AppDelegate.swift in Sources */,
				4B0F976B2C92367E0053005B /* MainTabBarController.swift in Sources */,
				4B2F71452C88F80700F5F2E2 /* AuthenticationView.swift in Sources */,
				4B0F97722C9237000053005B /* HomeScreen.swift in Sources */,
				4B0F97732C9237000053005B /* HomeVC.swift in Sources */,
				4B0F97632C92345F0053005B /* Alert.swift in Sources */,
				4B2F71212C88C41D00F5F2E2 /* SceneDelegate.swift in Sources */,
				4B2F716B2C89029800F5F2E2 /* SignInEmailVC.swift in Sources */,
				4B2F71472C88F82200F5F2E2 /* AuthenticationVC.swift in Sources */,
				4B0F977A2C9238710053005B /* RegisterVC.swift in Sources */,
				4B2F71622C88FB9600F5F2E2 /* UIFont+Extension.swift in Sources */,
				4B2F716F2C8902C600F5F2E2 /* SignInEmailViewModel.swift in Sources */,
				4B0F97792C9238710053005B /* RegisterScreen.swift in Sources */,
				4B0F975E2C9231570053005B /* HomeService.swift in Sources */,
				4B0F97602C92317A0053005B /* GenericService.swift in Sources */,
				4B2F71612C88FB9600F5F2E2 /* UIColor+Extension.swift in Sources */,
				4B2F71682C88FCE900F5F2E2 /* UIView + Extension.swift in Sources */,
				4B2F716D2C8902AB00F5F2E2 /* SignInEmailView.swift in Sources */,
			);
			runOnlyForDeploymentPostprocessing = 0;
		};
/* End PBXSourcesBuildPhase section */

/* Begin PBXVariantGroup section */
		4B2F71292C88C41F00F5F2E2 /* LaunchScreen.storyboard */ = {
			isa = PBXVariantGroup;
			children = (
				4B2F712A2C88C41F00F5F2E2 /* Base */,
			);
			name = LaunchScreen.storyboard;
			sourceTree = "<group>";
		};
/* End PBXVariantGroup section */

/* Begin XCBuildConfiguration section */
		4B2F712D2C88C41F00F5F2E2 /* Debug */ = {
			isa = XCBuildConfiguration;
			buildSettings = {
				ALWAYS_SEARCH_USER_PATHS = NO;
				ASSETCATALOG_COMPILER_GENERATE_SWIFT_ASSET_SYMBOL_EXTENSIONS = YES;
				CLANG_ANALYZER_NONNULL = YES;
				CLANG_ANALYZER_NUMBER_OBJECT_CONVERSION = YES_AGGRESSIVE;
				CLANG_CXX_LANGUAGE_STANDARD = "gnu++20";
				CLANG_ENABLE_MODULES = YES;
				CLANG_ENABLE_OBJC_ARC = YES;
				CLANG_ENABLE_OBJC_WEAK = YES;
				CLANG_WARN_BLOCK_CAPTURE_AUTORELEASING = YES;
				CLANG_WARN_BOOL_CONVERSION = YES;
				CLANG_WARN_COMMA = YES;
				CLANG_WARN_CONSTANT_CONVERSION = YES;
				CLANG_WARN_DEPRECATED_OBJC_IMPLEMENTATIONS = YES;
				CLANG_WARN_DIRECT_OBJC_ISA_USAGE = YES_ERROR;
				CLANG_WARN_DOCUMENTATION_COMMENTS = YES;
				CLANG_WARN_EMPTY_BODY = YES;
				CLANG_WARN_ENUM_CONVERSION = YES;
				CLANG_WARN_INFINITE_RECURSION = YES;
				CLANG_WARN_INT_CONVERSION = YES;
				CLANG_WARN_NON_LITERAL_NULL_CONVERSION = YES;
				CLANG_WARN_OBJC_IMPLICIT_RETAIN_SELF = YES;
				CLANG_WARN_OBJC_LITERAL_CONVERSION = YES;
				CLANG_WARN_OBJC_ROOT_CLASS = YES_ERROR;
				CLANG_WARN_QUOTED_INCLUDE_IN_FRAMEWORK_HEADER = YES;
				CLANG_WARN_RANGE_LOOP_ANALYSIS = YES;
				CLANG_WARN_STRICT_PROTOTYPES = YES;
				CLANG_WARN_SUSPICIOUS_MOVE = YES;
				CLANG_WARN_UNGUARDED_AVAILABILITY = YES_AGGRESSIVE;
				CLANG_WARN_UNREACHABLE_CODE = YES;
				CLANG_WARN__DUPLICATE_METHOD_MATCH = YES;
				COPY_PHASE_STRIP = NO;
				DEBUG_INFORMATION_FORMAT = dwarf;
				ENABLE_STRICT_OBJC_MSGSEND = YES;
				ENABLE_TESTABILITY = YES;
				ENABLE_USER_SCRIPT_SANDBOXING = YES;
				GCC_C_LANGUAGE_STANDARD = gnu17;
				GCC_DYNAMIC_NO_PIC = NO;
				GCC_NO_COMMON_BLOCKS = YES;
				GCC_OPTIMIZATION_LEVEL = 0;
				GCC_PREPROCESSOR_DEFINITIONS = (
					"DEBUG=1",
					"$(inherited)",
				);
				GCC_WARN_64_TO_32_BIT_CONVERSION = YES;
				GCC_WARN_ABOUT_RETURN_TYPE = YES_ERROR;
				GCC_WARN_UNDECLARED_SELECTOR = YES;
				GCC_WARN_UNINITIALIZED_AUTOS = YES_AGGRESSIVE;
				GCC_WARN_UNUSED_FUNCTION = YES;
				GCC_WARN_UNUSED_VARIABLE = YES;
				IPHONEOS_DEPLOYMENT_TARGET = 17.5;
				LOCALIZATION_PREFERS_STRING_CATALOGS = YES;
				MTL_ENABLE_DEBUG_INFO = INCLUDE_SOURCE;
				MTL_FAST_MATH = YES;
				ONLY_ACTIVE_ARCH = YES;
				SDKROOT = iphoneos;
				SWIFT_ACTIVE_COMPILATION_CONDITIONS = "DEBUG $(inherited)";
				SWIFT_OPTIMIZATION_LEVEL = "-Onone";
			};
			name = Debug;
		};
		4B2F712E2C88C41F00F5F2E2 /* Release */ = {
			isa = XCBuildConfiguration;
			buildSettings = {
				ALWAYS_SEARCH_USER_PATHS = NO;
				ASSETCATALOG_COMPILER_GENERATE_SWIFT_ASSET_SYMBOL_EXTENSIONS = YES;
				CLANG_ANALYZER_NONNULL = YES;
				CLANG_ANALYZER_NUMBER_OBJECT_CONVERSION = YES_AGGRESSIVE;
				CLANG_CXX_LANGUAGE_STANDARD = "gnu++20";
				CLANG_ENABLE_MODULES = YES;
				CLANG_ENABLE_OBJC_ARC = YES;
				CLANG_ENABLE_OBJC_WEAK = YES;
				CLANG_WARN_BLOCK_CAPTURE_AUTORELEASING = YES;
				CLANG_WARN_BOOL_CONVERSION = YES;
				CLANG_WARN_COMMA = YES;
				CLANG_WARN_CONSTANT_CONVERSION = YES;
				CLANG_WARN_DEPRECATED_OBJC_IMPLEMENTATIONS = YES;
				CLANG_WARN_DIRECT_OBJC_ISA_USAGE = YES_ERROR;
				CLANG_WARN_DOCUMENTATION_COMMENTS = YES;
				CLANG_WARN_EMPTY_BODY = YES;
				CLANG_WARN_ENUM_CONVERSION = YES;
				CLANG_WARN_INFINITE_RECURSION = YES;
				CLANG_WARN_INT_CONVERSION = YES;
				CLANG_WARN_NON_LITERAL_NULL_CONVERSION = YES;
				CLANG_WARN_OBJC_IMPLICIT_RETAIN_SELF = YES;
				CLANG_WARN_OBJC_LITERAL_CONVERSION = YES;
				CLANG_WARN_OBJC_ROOT_CLASS = YES_ERROR;
				CLANG_WARN_QUOTED_INCLUDE_IN_FRAMEWORK_HEADER = YES;
				CLANG_WARN_RANGE_LOOP_ANALYSIS = YES;
				CLANG_WARN_STRICT_PROTOTYPES = YES;
				CLANG_WARN_SUSPICIOUS_MOVE = YES;
				CLANG_WARN_UNGUARDED_AVAILABILITY = YES_AGGRESSIVE;
				CLANG_WARN_UNREACHABLE_CODE = YES;
				CLANG_WARN__DUPLICATE_METHOD_MATCH = YES;
				COPY_PHASE_STRIP = NO;
				DEBUG_INFORMATION_FORMAT = "dwarf-with-dsym";
				ENABLE_NS_ASSERTIONS = NO;
				ENABLE_STRICT_OBJC_MSGSEND = YES;
				ENABLE_USER_SCRIPT_SANDBOXING = YES;
				GCC_C_LANGUAGE_STANDARD = gnu17;
				GCC_NO_COMMON_BLOCKS = YES;
				GCC_WARN_64_TO_32_BIT_CONVERSION = YES;
				GCC_WARN_ABOUT_RETURN_TYPE = YES_ERROR;
				GCC_WARN_UNDECLARED_SELECTOR = YES;
				GCC_WARN_UNINITIALIZED_AUTOS = YES_AGGRESSIVE;
				GCC_WARN_UNUSED_FUNCTION = YES;
				GCC_WARN_UNUSED_VARIABLE = YES;
				IPHONEOS_DEPLOYMENT_TARGET = 17.5;
				LOCALIZATION_PREFERS_STRING_CATALOGS = YES;
				MTL_ENABLE_DEBUG_INFO = NO;
				MTL_FAST_MATH = YES;
				SDKROOT = iphoneos;
				SWIFT_COMPILATION_MODE = wholemodule;
				VALIDATE_PRODUCT = YES;
			};
			name = Release;
		};
		4B2F71302C88C41F00F5F2E2 /* Debug */ = {
			isa = XCBuildConfiguration;
			buildSettings = {
				ASSETCATALOG_COMPILER_APPICON_NAME = AppIcon;
				ASSETCATALOG_COMPILER_GLOBAL_ACCENT_COLOR_NAME = AccentColor;
				CODE_SIGN_STYLE = Automatic;
				CURRENT_PROJECT_VERSION = 1;
				DEVELOPMENT_TEAM = B4R97N34U3;
				GENERATE_INFOPLIST_FILE = YES;
				INFOPLIST_FILE = Catalogo/Info.plist;
				INFOPLIST_KEY_UIApplicationSupportsIndirectInputEvents = YES;
				INFOPLIST_KEY_UILaunchStoryboardName = LaunchScreen;
				INFOPLIST_KEY_UIMainStoryboardFile = "";
				INFOPLIST_KEY_UISupportedInterfaceOrientations_iPad = "UIInterfaceOrientationPortrait UIInterfaceOrientationPortraitUpsideDown UIInterfaceOrientationLandscapeLeft UIInterfaceOrientationLandscapeRight";
				INFOPLIST_KEY_UISupportedInterfaceOrientations_iPhone = "UIInterfaceOrientationPortrait UIInterfaceOrientationLandscapeLeft UIInterfaceOrientationLandscapeRight";
				LD_RUNPATH_SEARCH_PATHS = (
					"$(inherited)",
					"@executable_path/Frameworks",
				);
				MARKETING_VERSION = 1.0;
				PRODUCT_BUNDLE_IDENTIFIER = com.XA1.Catalogo;
				PRODUCT_NAME = "$(TARGET_NAME)";
				SUPPORTED_PLATFORMS = "iphoneos iphonesimulator";
				SUPPORTS_MACCATALYST = NO;
				SUPPORTS_MAC_DESIGNED_FOR_IPHONE_IPAD = NO;
				SUPPORTS_XR_DESIGNED_FOR_IPHONE_IPAD = NO;
				SWIFT_EMIT_LOC_STRINGS = YES;
				SWIFT_VERSION = 5.0;
				TARGETED_DEVICE_FAMILY = "1,2";
			};
			name = Debug;
		};
		4B2F71312C88C41F00F5F2E2 /* Release */ = {
			isa = XCBuildConfiguration;
			buildSettings = {
				ASSETCATALOG_COMPILER_APPICON_NAME = AppIcon;
				ASSETCATALOG_COMPILER_GLOBAL_ACCENT_COLOR_NAME = AccentColor;
				CODE_SIGN_STYLE = Automatic;
				CURRENT_PROJECT_VERSION = 1;
				DEVELOPMENT_TEAM = B4R97N34U3;
				GENERATE_INFOPLIST_FILE = YES;
				INFOPLIST_FILE = Catalogo/Info.plist;
				INFOPLIST_KEY_UIApplicationSupportsIndirectInputEvents = YES;
				INFOPLIST_KEY_UILaunchStoryboardName = LaunchScreen;
				INFOPLIST_KEY_UIMainStoryboardFile = "";
				INFOPLIST_KEY_UISupportedInterfaceOrientations_iPad = "UIInterfaceOrientationPortrait UIInterfaceOrientationPortraitUpsideDown UIInterfaceOrientationLandscapeLeft UIInterfaceOrientationLandscapeRight";
				INFOPLIST_KEY_UISupportedInterfaceOrientations_iPhone = "UIInterfaceOrientationPortrait UIInterfaceOrientationLandscapeLeft UIInterfaceOrientationLandscapeRight";
				LD_RUNPATH_SEARCH_PATHS = (
					"$(inherited)",
					"@executable_path/Frameworks",
				);
				MARKETING_VERSION = 1.0;
				PRODUCT_BUNDLE_IDENTIFIER = com.XA1.Catalogo;
				PRODUCT_NAME = "$(TARGET_NAME)";
				SUPPORTED_PLATFORMS = "iphoneos iphonesimulator";
				SUPPORTS_MACCATALYST = NO;
				SUPPORTS_MAC_DESIGNED_FOR_IPHONE_IPAD = NO;
				SUPPORTS_XR_DESIGNED_FOR_IPHONE_IPAD = NO;
				SWIFT_EMIT_LOC_STRINGS = YES;
				SWIFT_VERSION = 5.0;
				TARGETED_DEVICE_FAMILY = "1,2";
			};
			name = Release;
		};
/* End XCBuildConfiguration section */

/* Begin XCConfigurationList section */
		4B2F71162C88C41D00F5F2E2 /* Build configuration list for PBXProject "Catalogo" */ = {
			isa = XCConfigurationList;
			buildConfigurations = (
				4B2F712D2C88C41F00F5F2E2 /* Debug */,
				4B2F712E2C88C41F00F5F2E2 /* Release */,
			);
			defaultConfigurationIsVisible = 0;
			defaultConfigurationName = Release;
		};
		4B2F712F2C88C41F00F5F2E2 /* Build configuration list for PBXNativeTarget "Catalogo" */ = {
			isa = XCConfigurationList;
			buildConfigurations = (
				4B2F71302C88C41F00F5F2E2 /* Debug */,
				4B2F71312C88C41F00F5F2E2 /* Release */,
			);
			defaultConfigurationIsVisible = 0;
			defaultConfigurationName = Release;
		};
/* End XCConfigurationList section */

/* Begin XCRemoteSwiftPackageReference section */
		4B2F71362C88C92500F5F2E2 /* XCRemoteSwiftPackageReference "firebase-ios-sdk" */ = {
			isa = XCRemoteSwiftPackageReference;
			repositoryURL = "https://github.com/firebase/firebase-ios-sdk";
			requirement = {
				kind = exactVersion;
				version = 11.1.0;
			};
		};
/* End XCRemoteSwiftPackageReference section */

/* Begin XCSwiftPackageProductDependency section */
		4B2F71372C88C92500F5F2E2 /* FirebaseAnalytics */ = {
			isa = XCSwiftPackageProductDependency;
			package = 4B2F71362C88C92500F5F2E2 /* XCRemoteSwiftPackageReference "firebase-ios-sdk" */;
			productName = FirebaseAnalytics;
		};
		4B2F71392C88C92500F5F2E2 /* FirebaseAuth */ = {
			isa = XCSwiftPackageProductDependency;
			package = 4B2F71362C88C92500F5F2E2 /* XCRemoteSwiftPackageReference "firebase-ios-sdk" */;
			productName = FirebaseAuth;
		};
		4B2F713B2C88C92500F5F2E2 /* FirebaseCrashlytics */ = {
			isa = XCSwiftPackageProductDependency;
			package = 4B2F71362C88C92500F5F2E2 /* XCRemoteSwiftPackageReference "firebase-ios-sdk" */;
			productName = FirebaseCrashlytics;
		};
		4B2F713D2C88C92500F5F2E2 /* FirebaseDatabase */ = {
			isa = XCSwiftPackageProductDependency;
			package = 4B2F71362C88C92500F5F2E2 /* XCRemoteSwiftPackageReference "firebase-ios-sdk" */;
			productName = FirebaseDatabase;
		};
		4B2F713F2C88C92500F5F2E2 /* FirebaseFirestore */ = {
			isa = XCSwiftPackageProductDependency;
			package = 4B2F71362C88C92500F5F2E2 /* XCRemoteSwiftPackageReference "firebase-ios-sdk" */;
			productName = FirebaseFirestore;
		};
		4B2F71412C88C92500F5F2E2 /* FirebaseStorage */ = {
			isa = XCSwiftPackageProductDependency;
			package = 4B2F71362C88C92500F5F2E2 /* XCRemoteSwiftPackageReference "firebase-ios-sdk" */;
			productName = FirebaseStorage;
		};
/* End XCSwiftPackageProductDependency section */
	};
	rootObject = 4B2F71132C88C41D00F5F2E2 /* Project object */;
}
